// !$*UTF8*$!
{
	archiveVersion = 1;
	classes = {
	};
	objectVersion = 51;
	objects = {

/* Begin PBXBuildFile section */
		2C30D1B92341959F0084F843 /* AppDelegate.m in Sources */ = {isa = PBXBuildFile; fileRef = 2C30D1B82341959F0084F843 /* AppDelegate.m */; };
		2C30D1BC2341959F0084F843 /* ViewController.m in Sources */ = {isa = PBXBuildFile; fileRef = 2C30D1BB2341959F0084F843 /* ViewController.m */; };
		2C30D1BF2341959F0084F843 /* Main.storyboard in Resources */ = {isa = PBXBuildFile; fileRef = 2C30D1BD2341959F0084F843 /* Main.storyboard */; };
		2C30D1C1234195A00084F843 /* Assets.xcassets in Resources */ = {isa = PBXBuildFile; fileRef = 2C30D1C0234195A00084F843 /* Assets.xcassets */; };
		2C30D1C4234195A00084F843 /* LaunchScreen.storyboard in Resources */ = {isa = PBXBuildFile; fileRef = 2C30D1C2234195A00084F843 /* LaunchScreen.storyboard */; };
		2C30D1C7234195A00084F843 /* main.m in Sources */ = {isa = PBXBuildFile; fileRef = 2C30D1C6234195A00084F843 /* main.m */; };
		2CE79432234C3A4B00FDD022 /* LDPConsoleManager.m in Sources */ = {isa = PBXBuildFile; fileRef = 2CE79424234C3A4B00FDD022 /* LDPConsoleManager.m */; };
		2CE79433234C3A4B00FDD022 /* LDPConsoleHistoryViewController.m in Sources */ = {isa = PBXBuildFile; fileRef = 2CE79425234C3A4B00FDD022 /* LDPConsoleHistoryViewController.m */; };
		2CE79434234C3A4B00FDD022 /* LDPConsoleModel.m in Sources */ = {isa = PBXBuildFile; fileRef = 2CE79426234C3A4B00FDD022 /* LDPConsoleModel.m */; };
		2CE79435234C3A4B00FDD022 /* LDPConsleDetailViewController.m in Sources */ = {isa = PBXBuildFile; fileRef = 2CE79427234C3A4B00FDD022 /* LDPConsleDetailViewController.m */; };
		2CE79436234C3A4B00FDD022 /* YAHHookObject.m in Sources */ = {isa = PBXBuildFile; fileRef = 2CE79428234C3A4B00FDD022 /* YAHHookObject.m */; };
		2CE79437234C3A4B00FDD022 /* LDPConsoleViewController.m in Sources */ = {isa = PBXBuildFile; fileRef = 2CE79429234C3A4B00FDD022 /* LDPConsoleViewController.m */; };
		2CE79438234C3A4B00FDD022 /* LDPConsoleHistoryViewController.xib in Resources */ = {isa = PBXBuildFile; fileRef = 2CE7942F234C3A4B00FDD022 /* LDPConsoleHistoryViewController.xib */; };
		2CE79439234C3A4B00FDD022 /* LDPConsleDetailViewController.xib in Resources */ = {isa = PBXBuildFile; fileRef = 2CE79430234C3A4B00FDD022 /* LDPConsleDetailViewController.xib */; };
		2CE7943A234C3A4B00FDD022 /* LDPConsoleViewController.xib in Resources */ = {isa = PBXBuildFile; fileRef = 2CE79431234C3A4B00FDD022 /* LDPConsoleViewController.xib */; };
		5DBD5257D9DD4106934AFF3D /* Pods_Demo.framework in Frameworks */ = {isa = PBXBuildFile; fileRef = 282F235443CE512CCC10AFBC /* Pods_Demo.framework */; };
/* End PBXBuildFile section */

/* Begin PBXFileReference section */
		282F235443CE512CCC10AFBC /* Pods_Demo.framework */ = {isa = PBXFileReference; explicitFileType = wrapper.framework; includeInIndex = 0; path = Pods_Demo.framework; sourceTree = BUILT_PRODUCTS_DIR; };
		292F3635A5B54AB5483C3F24 /* Pods-Demo.debug.xcconfig */ = {isa = PBXFileReference; includeInIndex = 1; lastKnownFileType = text.xcconfig; name = "Pods-Demo.debug.xcconfig"; path = "Target Support Files/Pods-Demo/Pods-Demo.debug.xcconfig"; sourceTree = "<group>"; };
		2C30D1B42341959F0084F843 /* Demo.app */ = {isa = PBXFileReference; explicitFileType = wrapper.application; includeInIndex = 0; path = Demo.app; sourceTree = BUILT_PRODUCTS_DIR; };
		2C30D1B72341959F0084F843 /* AppDelegate.h */ = {isa = PBXFileReference; lastKnownFileType = sourcecode.c.h; path = AppDelegate.h; sourceTree = "<group>"; };
		2C30D1B82341959F0084F843 /* AppDelegate.m */ = {isa = PBXFileReference; lastKnownFileType = sourcecode.c.objc; path = AppDelegate.m; sourceTree = "<group>"; };
		2C30D1BA2341959F0084F843 /* ViewController.h */ = {isa = PBXFileReference; lastKnownFileType = sourcecode.c.h; path = ViewController.h; sourceTree = "<group>"; };
		2C30D1BB2341959F0084F843 /* ViewController.m */ = {isa = PBXFileReference; lastKnownFileType = sourcecode.c.objc; path = ViewController.m; sourceTree = "<group>"; };
		2C30D1BE2341959F0084F843 /* Base */ = {isa = PBXFileReference; lastKnownFileType = file.storyboard; name = Base; path = Base.lproj/Main.storyboard; sourceTree = "<group>"; };
		2C30D1C0234195A00084F843 /* Assets.xcassets */ = {isa = PBXFileReference; lastKnownFileType = folder.assetcatalog; path = Assets.xcassets; sourceTree = "<group>"; };
		2C30D1C3234195A00084F843 /* Base */ = {isa = PBXFileReference; lastKnownFileType = file.storyboard; name = Base; path = Base.lproj/LaunchScreen.storyboard; sourceTree = "<group>"; };
		2C30D1C5234195A00084F843 /* Info.plist */ = {isa = PBXFileReference; lastKnownFileType = text.plist.xml; path = Info.plist; sourceTree = "<group>"; };
		2C30D1C6234195A00084F843 /* main.m */ = {isa = PBXFileReference; lastKnownFileType = sourcecode.c.objc; path = main.m; sourceTree = "<group>"; };
		2CE79422234C3A4B00FDD022 /* LDPConsoleViewController.h */ = {isa = PBXFileReference; fileEncoding = 4; lastKnownFileType = sourcecode.c.h; path = LDPConsoleViewController.h; sourceTree = "<group>"; };
		2CE79423234C3A4B00FDD022 /* YAHHookObject.h */ = {isa = PBXFileReference; fileEncoding = 4; lastKnownFileType = sourcecode.c.h; path = YAHHookObject.h; sourceTree = "<group>"; };
		2CE79424234C3A4B00FDD022 /* LDPConsoleManager.m */ = {isa = PBXFileReference; fileEncoding = 4; lastKnownFileType = sourcecode.c.objc; path = LDPConsoleManager.m; sourceTree = "<group>"; };
		2CE79425234C3A4B00FDD022 /* LDPConsoleHistoryViewController.m */ = {isa = PBXFileReference; fileEncoding = 4; lastKnownFileType = sourcecode.c.objc; path = LDPConsoleHistoryViewController.m; sourceTree = "<group>"; };
		2CE79426234C3A4B00FDD022 /* LDPConsoleModel.m */ = {isa = PBXFileReference; fileEncoding = 4; lastKnownFileType = sourcecode.c.objc; path = LDPConsoleModel.m; sourceTree = "<group>"; };
		2CE79427234C3A4B00FDD022 /* LDPConsleDetailViewController.m */ = {isa = PBXFileReference; fileEncoding = 4; lastKnownFileType = sourcecode.c.objc; path = LDPConsleDetailViewController.m; sourceTree = "<group>"; };
		2CE79428234C3A4B00FDD022 /* YAHHookObject.m */ = {isa = PBXFileReference; fileEncoding = 4; lastKnownFileType = sourcecode.c.objc; path = YAHHookObject.m; sourceTree = "<group>"; };
		2CE79429234C3A4B00FDD022 /* LDPConsoleViewController.m */ = {isa = PBXFileReference; fileEncoding = 4; lastKnownFileType = sourcecode.c.objc; path = LDPConsoleViewController.m; sourceTree = "<group>"; };
		2CE7942A234C3A4B00FDD022 /* LDPConsoleHistoryViewController.h */ = {isa = PBXFileReference; fileEncoding = 4; lastKnownFileType = sourcecode.c.h; path = LDPConsoleHistoryViewController.h; sourceTree = "<group>"; };
		2CE7942B234C3A4B00FDD022 /* LDPConsoleManager.h */ = {isa = PBXFileReference; fileEncoding = 4; lastKnownFileType = sourcecode.c.h; path = LDPConsoleManager.h; sourceTree = "<group>"; };
		2CE7942C234C3A4B00FDD022 /* LDPConsleDetailViewController.h */ = {isa = PBXFileReference; fileEncoding = 4; lastKnownFileType = sourcecode.c.h; path = LDPConsleDetailViewController.h; sourceTree = "<group>"; };
		2CE7942D234C3A4B00FDD022 /* LDPConsoleModel.h */ = {isa = PBXFileReference; fileEncoding = 4; lastKnownFileType = sourcecode.c.h; path = LDPConsoleModel.h; sourceTree = "<group>"; };
		2CE7942F234C3A4B00FDD022 /* LDPConsoleHistoryViewController.xib */ = {isa = PBXFileReference; fileEncoding = 4; lastKnownFileType = file.xib; path = LDPConsoleHistoryViewController.xib; sourceTree = "<group>"; };
		2CE79430234C3A4B00FDD022 /* LDPConsleDetailViewController.xib */ = {isa = PBXFileReference; fileEncoding = 4; lastKnownFileType = file.xib; path = LDPConsleDetailViewController.xib; sourceTree = "<group>"; };
		2CE79431234C3A4B00FDD022 /* LDPConsoleViewController.xib */ = {isa = PBXFileReference; fileEncoding = 4; lastKnownFileType = file.xib; path = LDPConsoleViewController.xib; sourceTree = "<group>"; };
		6276D98E97A8B2E74BDDF768 /* Pods-Demo.release.xcconfig */ = {isa = PBXFileReference; includeInIndex = 1; lastKnownFileType = text.xcconfig; name = "Pods-Demo.release.xcconfig"; path = "Target Support Files/Pods-Demo/Pods-Demo.release.xcconfig"; sourceTree = "<group>"; };
/* End PBXFileReference section */

/* Begin PBXFrameworksBuildPhase section */
		2C30D1B12341959F0084F843 /* Frameworks */ = {
			isa = PBXFrameworksBuildPhase;
			buildActionMask = 2147483647;
			files = (
				5DBD5257D9DD4106934AFF3D /* Pods_Demo.framework in Frameworks */,
			);
			runOnlyForDeploymentPostprocessing = 0;
		};
/* End PBXFrameworksBuildPhase section */

/* Begin PBXGroup section */
		2C30D1AB2341959E0084F843 = {
			isa = PBXGroup;
			children = (
				2C30D1B62341959F0084F843 /* Demo */,
				2C30D1B52341959F0084F843 /* Products */,
				2CC9AFDB73178B2B22EF8F0D /* Pods */,
				9065CC31F861BBE4E31DC2F6 /* Frameworks */,
			);
			sourceTree = "<group>";
		};
		2C30D1B52341959F0084F843 /* Products */ = {
			isa = PBXGroup;
			children = (
				2C30D1B42341959F0084F843 /* Demo.app */,
			);
			name = Products;
			sourceTree = "<group>";
		};
		2C30D1B62341959F0084F843 /* Demo */ = {
			isa = PBXGroup;
			children = (
				2CE79420234C3A4B00FDD022 /* YAHConsole */,
				2C30D1B72341959F0084F843 /* AppDelegate.h */,
				2C30D1B82341959F0084F843 /* AppDelegate.m */,
				2C30D1BA2341959F0084F843 /* ViewController.h */,
				2C30D1BB2341959F0084F843 /* ViewController.m */,
				2C30D1BD2341959F0084F843 /* Main.storyboard */,
				2C30D1C0234195A00084F843 /* Assets.xcassets */,
				2C30D1C2234195A00084F843 /* LaunchScreen.storyboard */,
				2C30D1C5234195A00084F843 /* Info.plist */,
				2C30D1C6234195A00084F843 /* main.m */,
			);
			path = Demo;
			sourceTree = "<group>";
		};
		2CC9AFDB73178B2B22EF8F0D /* Pods */ = {
			isa = PBXGroup;
			children = (
				292F3635A5B54AB5483C3F24 /* Pods-Demo.debug.xcconfig */,
				6276D98E97A8B2E74BDDF768 /* Pods-Demo.release.xcconfig */,
			);
			path = Pods;
			sourceTree = "<group>";
		};
		2CE79420234C3A4B00FDD022 /* YAHConsole */ = {
			isa = PBXGroup;
			children = (
				2CE79421234C3A4B00FDD022 /* Classes */,
				2CE7942E234C3A4B00FDD022 /* Assets */,
			);
			name = YAHConsole;
			path = ../../YAHConsole;
			sourceTree = "<group>";
		};
		2CE79421234C3A4B00FDD022 /* Classes */ = {
			isa = PBXGroup;
			children = (
				2CE7942C234C3A4B00FDD022 /* LDPConsleDetailViewController.h */,
				2CE79427234C3A4B00FDD022 /* LDPConsleDetailViewController.m */,
				2CE7942A234C3A4B00FDD022 /* LDPConsoleHistoryViewController.h */,
				2CE79425234C3A4B00FDD022 /* LDPConsoleHistoryViewController.m */,
				2CE7942B234C3A4B00FDD022 /* LDPConsoleManager.h */,
				2CE79424234C3A4B00FDD022 /* LDPConsoleManager.m */,
				2CE7942D234C3A4B00FDD022 /* LDPConsoleModel.h */,
				2CE79426234C3A4B00FDD022 /* LDPConsoleModel.m */,
				2CE79422234C3A4B00FDD022 /* LDPConsoleViewController.h */,
				2CE79429234C3A4B00FDD022 /* LDPConsoleViewController.m */,
				2CE79423234C3A4B00FDD022 /* YAHHookObject.h */,
				2CE79428234C3A4B00FDD022 /* YAHHookObject.m */,
			);
			path = Classes;
			sourceTree = "<group>";
		};
		2CE7942E234C3A4B00FDD022 /* Assets */ = {
			isa = PBXGroup;
			children = (
				2CE7942F234C3A4B00FDD022 /* LDPConsoleHistoryViewController.xib */,
				2CE79430234C3A4B00FDD022 /* LDPConsleDetailViewController.xib */,
				2CE79431234C3A4B00FDD022 /* LDPConsoleViewController.xib */,
			);
			path = Assets;
			sourceTree = "<group>";
		};
		9065CC31F861BBE4E31DC2F6 /* Frameworks */ = {
			isa = PBXGroup;
			children = (
				282F235443CE512CCC10AFBC /* Pods_Demo.framework */,
			);
			name = Frameworks;
			sourceTree = "<group>";
		};
/* End PBXGroup section */

/* Begin PBXNativeTarget section */
		2C30D1B32341959F0084F843 /* Demo */ = {
			isa = PBXNativeTarget;
			buildConfigurationList = 2C30D1CA234195A00084F843 /* Build configuration list for PBXNativeTarget "Demo" */;
			buildPhases = (
				E0A6E123C2D1B83335994FC0 /* [CP] Check Pods Manifest.lock */,
				2C30D1B02341959F0084F843 /* Sources */,
				2C30D1B12341959F0084F843 /* Frameworks */,
				2C30D1B22341959F0084F843 /* Resources */,
				C57876A974E32F9291EFE645 /* [CP] Embed Pods Frameworks */,
			);
			buildRules = (
			);
			dependencies = (
			);
			name = Demo;
			productName = Demo;
			productReference = 2C30D1B42341959F0084F843 /* Demo.app */;
			productType = "com.apple.product-type.application";
		};
/* End PBXNativeTarget section */

/* Begin PBXProject section */
		2C30D1AC2341959E0084F843 /* Project object */ = {
			isa = PBXProject;
			attributes = {
				LastUpgradeCheck = 1010;
				ORGANIZATIONNAME = Landi;
				TargetAttributes = {
					2C30D1B32341959F0084F843 = {
						CreatedOnToolsVersion = 10.1;
					};
				};
			};
			buildConfigurationList = 2C30D1AF2341959E0084F843 /* Build configuration list for PBXProject "Demo" */;
			compatibilityVersion = "Xcode 9.3";
			developmentRegion = en;
			hasScannedForEncodings = 0;
			knownRegions = (
				en,
				Base,
			);
			mainGroup = 2C30D1AB2341959E0084F843;
			productRefGroup = 2C30D1B52341959F0084F843 /* Products */;
			projectDirPath = "";
			projectRoot = "";
			targets = (
				2C30D1B32341959F0084F843 /* Demo */,
			);
		};
/* End PBXProject section */

/* Begin PBXResourcesBuildPhase section */
		2C30D1B22341959F0084F843 /* Resources */ = {
			isa = PBXResourcesBuildPhase;
			buildActionMask = 2147483647;
			files = (
				2CE79438234C3A4B00FDD022 /* LDPConsoleHistoryViewController.xib in Resources */,
				2CE7943A234C3A4B00FDD022 /* LDPConsoleViewController.xib in Resources */,
				2CE79439234C3A4B00FDD022 /* LDPConsleDetailViewController.xib in Resources */,
				2C30D1C4234195A00084F843 /* LaunchScreen.storyboard in Resources */,
				2C30D1C1234195A00084F843 /* Assets.xcassets in Resources */,
				2C30D1BF2341959F0084F843 /* Main.storyboard in Resources */,
			);
			runOnlyForDeploymentPostprocessing = 0;
		};
/* End PBXResourcesBuildPhase section */

/* Begin PBXShellScriptBuildPhase section */
		C57876A974E32F9291EFE645 /* [CP] Embed Pods Frameworks */ = {
			isa = PBXShellScriptBuildPhase;
			buildActionMask = 2147483647;
			files = (
			);
			inputFileListPaths = (
				"${PODS_ROOT}/Target Support Files/Pods-Demo/Pods-Demo-frameworks-${CONFIGURATION}-input-files.xcfilelist",
			);
			name = "[CP] Embed Pods Frameworks";
			outputFileListPaths = (
				"${PODS_ROOT}/Target Support Files/Pods-Demo/Pods-Demo-frameworks-${CONFIGURATION}-output-files.xcfilelist",
			);
			runOnlyForDeploymentPostprocessing = 0;
			shellPath = /bin/sh;
			shellScript = "\"${PODS_ROOT}/Target Support Files/Pods-Demo/Pods-Demo-frameworks.sh\"\n";
			showEnvVarsInLog = 0;
		};
		E0A6E123C2D1B83335994FC0 /* [CP] Check Pods Manifest.lock */ = {
			isa = PBXShellScriptBuildPhase;
			buildActionMask = 2147483647;
			files = (
			);
			inputFileListPaths = (
			);
			inputPaths = (
				"${PODS_PODFILE_DIR_PATH}/Podfile.lock",
				"${PODS_ROOT}/Manifest.lock",
			);
			name = "[CP] Check Pods Manifest.lock";
			outputFileListPaths = (
			);
			outputPaths = (
				"$(DERIVED_FILE_DIR)/Pods-Demo-checkManifestLockResult.txt",
			);
			runOnlyForDeploymentPostprocessing = 0;
			shellPath = /bin/sh;
			shellScript = "diff \"${PODS_PODFILE_DIR_PATH}/Podfile.lock\" \"${PODS_ROOT}/Manifest.lock\" > /dev/null\nif [ $? != 0 ] ; then\n    # print error to STDERR\n    echo \"error: The sandbox is not in sync with the Podfile.lock. Run 'pod install' or update your CocoaPods installation.\" >&2\n    exit 1\nfi\n# This output is used by Xcode 'outputs' to avoid re-running this script phase.\necho \"SUCCESS\" > \"${SCRIPT_OUTPUT_FILE_0}\"\n";
			showEnvVarsInLog = 0;
		};
/* End PBXShellScriptBuildPhase section */

/* Begin PBXSourcesBuildPhase section */
		2C30D1B02341959F0084F843 /* Sources */ = {
			isa = PBXSourcesBuildPhase;
			buildActionMask = 2147483647;
			files = (
				2CE79437234C3A4B00FDD022 /* LDPConsoleViewController.m in Sources */,
				2CE79432234C3A4B00FDD022 /* LDPConsoleManager.m in Sources */,
				2C30D1BC2341959F0084F843 /* ViewController.m in Sources */,
				2CE79434234C3A4B00FDD022 /* LDPConsoleModel.m in Sources */,
				2C30D1C7234195A00084F843 /* main.m in Sources */,
				2CE79436234C3A4B00FDD022 /* YAHHookObject.m in Sources */,
				2C30D1B92341959F0084F843 /* AppDelegate.m in Sources */,
				2CE79435234C3A4B00FDD022 /* LDPConsleDetailViewController.m in Sources */,
				2CE79433234C3A4B00FDD022 /* LDPConsoleHistoryViewController.m in Sources */,
			);
			runOnlyForDeploymentPostprocessing = 0;
		};
/* End PBXSourcesBuildPhase section */

/* Begin PBXVariantGroup section */
		2C30D1BD2341959F0084F843 /* Main.storyboard */ = {
			isa = PBXVariantGroup;
			children = (
				2C30D1BE2341959F0084F843 /* Base */,
			);
			name = Main.storyboard;
			sourceTree = "<group>";
		};
		2C30D1C2234195A00084F843 /* LaunchScreen.storyboard */ = {
			isa = PBXVariantGroup;
			children = (
				2C30D1C3234195A00084F843 /* Base */,
			);
			name = LaunchScreen.storyboard;
			sourceTree = "<group>";
		};
/* End PBXVariantGroup section */

/* Begin XCBuildConfiguration section */
		2C30D1C8234195A00084F843 /* Debug */ = {
			isa = XCBuildConfiguration;
			buildSettings = {
				ALWAYS_SEARCH_USER_PATHS = NO;
				CLANG_ANALYZER_NONNULL = YES;
				CLANG_ANALYZER_NUMBER_OBJECT_CONVERSION = YES_AGGRESSIVE;
				CLANG_CXX_LANGUAGE_STANDARD = "gnu++14";
				CLANG_CXX_LIBRARY = "libc++";
				CLANG_ENABLE_MODULES = YES;
				CLANG_ENABLE_OBJC_ARC = YES;
				CLANG_ENABLE_OBJC_WEAK = YES;
				CLANG_WARN_BLOCK_CAPTURE_AUTORELEASING = YES;
				CLANG_WARN_BOOL_CONVERSION = YES;
				CLANG_WARN_COMMA = YES;
				CLANG_WARN_CONSTANT_CONVERSION = YES;
				CLANG_WARN_DEPRECATED_OBJC_IMPLEMENTATIONS = YES;
				CLANG_WARN_DIRECT_OBJC_ISA_USAGE = YES_ERROR;
				CLANG_WARN_DOCUMENTATION_COMMENTS = YES;
				CLANG_WARN_EMPTY_BODY = YES;
				CLANG_WARN_ENUM_CONVERSION = YES;
				CLANG_WARN_INFINITE_RECURSION = YES;
				CLANG_WARN_INT_CONVERSION = YES;
				CLANG_WARN_NON_LITERAL_NULL_CONVERSION = YES;
				CLANG_WARN_OBJC_IMPLICIT_RETAIN_SELF = YES;
				CLANG_WARN_OBJC_LITERAL_CONVERSION = YES;
				CLANG_WARN_OBJC_ROOT_CLASS = YES_ERROR;
				CLANG_WARN_RANGE_LOOP_ANALYSIS = YES;
				CLANG_WARN_STRICT_PROTOTYPES = YES;
				CLANG_WARN_SUSPICIOUS_MOVE = YES;
				CLANG_WARN_UNGUARDED_AVAILABILITY = YES_AGGRESSIVE;
				CLANG_WARN_UNREACHABLE_CODE = YES;
				CLANG_WARN__DUPLICATE_METHOD_MATCH = YES;
				CODE_SIGN_IDENTITY = "iPhone Developer";
				COPY_PHASE_STRIP = NO;
				DEBUG_INFORMATION_FORMAT = dwarf;
				ENABLE_STRICT_OBJC_MSGSEND = YES;
				ENABLE_TESTABILITY = YES;
				GCC_C_LANGUAGE_STANDARD = gnu11;
				GCC_DYNAMIC_NO_PIC = NO;
				GCC_NO_COMMON_BLOCKS = YES;
				GCC_OPTIMIZATION_LEVEL = 0;
				GCC_PREPROCESSOR_DEFINITIONS = (
					"DEBUG=1",
					"$(inherited)",
				);
				GCC_WARN_64_TO_32_BIT_CONVERSION = YES;
				GCC_WARN_ABOUT_RETURN_TYPE = YES_ERROR;
				GCC_WARN_UNDECLARED_SELECTOR = YES;
				GCC_WARN_UNINITIALIZED_AUTOS = YES_AGGRESSIVE;
				GCC_WARN_UNUSED_FUNCTION = YES;
				GCC_WARN_UNUSED_VARIABLE = YES;
				IPHONEOS_DEPLOYMENT_TARGET = 9.0;
				MTL_ENABLE_DEBUG_INFO = INCLUDE_SOURCE;
				MTL_FAST_MATH = YES;
				ONLY_ACTIVE_ARCH = YES;
				SDKROOT = iphoneos;
			};
			name = Debug;
		};
		2C30D1C9234195A00084F843 /* Release */ = {
			isa = XCBuildConfiguration;
			buildSettings = {
				ALWAYS_SEARCH_USER_PATHS = NO;
				CLANG_ANALYZER_NONNULL = YES;
				CLANG_ANALYZER_NUMBER_OBJECT_CONVERSION = YES_AGGRESSIVE;
				CLANG_CXX_LANGUAGE_STANDARD = "gnu++14";
				CLANG_CXX_LIBRARY = "libc++";
				CLANG_ENABLE_MODULES = YES;
				CLANG_ENABLE_OBJC_ARC = YES;
				CLANG_ENABLE_OBJC_WEAK = YES;
				CLANG_WARN_BLOCK_CAPTURE_AUTORELEASING = YES;
				CLANG_WARN_BOOL_CONVERSION = YES;
				CLANG_WARN_COMMA = YES;
				CLANG_WARN_CONSTANT_CONVERSION = YES;
				CLANG_WARN_DEPRECATED_OBJC_IMPLEMENTATIONS = YES;
				CLANG_WARN_DIRECT_OBJC_ISA_USAGE = YES_ERROR;
				CLANG_WARN_DOCUMENTATION_COMMENTS = YES;
				CLANG_WARN_EMPTY_BODY = YES;
				CLANG_WARN_ENUM_CONVERSION = YES;
				CLANG_WARN_INFINITE_RECURSION = YES;
				CLANG_WARN_INT_CONVERSION = YES;
				CLANG_WARN_NON_LITERAL_NULL_CONVERSION = YES;
				CLANG_WARN_OBJC_IMPLICIT_RETAIN_SELF = YES;
				CLANG_WARN_OBJC_LITERAL_CONVERSION = YES;
				CLANG_WARN_OBJC_ROOT_CLASS = YES_ERROR;
				CLANG_WARN_RANGE_LOOP_ANALYSIS = YES;
				CLANG_WARN_STRICT_PROTOTYPES = YES;
				CLANG_WARN_SUSPICIOUS_MOVE = YES;
				CLANG_WARN_UNGUARDED_AVAILABILITY = YES_AGGRESSIVE;
				CLANG_WARN_UNREACHABLE_CODE = YES;
				CLANG_WARN__DUPLICATE_METHOD_MATCH = YES;
				CODE_SIGN_IDENTITY = "iPhone Developer";
				COPY_PHASE_STRIP = NO;
				DEBUG_INFORMATION_FORMAT = "dwarf-with-dsym";
				ENABLE_NS_ASSERTIONS = NO;
				ENABLE_STRICT_OBJC_MSGSEND = YES;
				GCC_C_LANGUAGE_STANDARD = gnu11;
				GCC_NO_COMMON_BLOCKS = YES;
				GCC_WARN_64_TO_32_BIT_CONVERSION = YES;
				GCC_WARN_ABOUT_RETURN_TYPE = YES_ERROR;
				GCC_WARN_UNDECLARED_SELECTOR = YES;
				GCC_WARN_UNINITIALIZED_AUTOS = YES_AGGRESSIVE;
				GCC_WARN_UNUSED_FUNCTION = YES;
				GCC_WARN_UNUSED_VARIABLE = YES;
				IPHONEOS_DEPLOYMENT_TARGET = 9.0;
				MTL_ENABLE_DEBUG_INFO = NO;
				MTL_FAST_MATH = YES;
				SDKROOT = iphoneos;
				VALIDATE_PRODUCT = YES;
			};
			name = Release;
		};
		2C30D1CB234195A00084F843 /* Debug */ = {
			isa = XCBuildConfiguration;
			baseConfigurationReference = 292F3635A5B54AB5483C3F24 /* Pods-Demo.debug.xcconfig */;
			buildSettings = {
				ASSETCATALOG_COMPILER_APPICON_NAME = AppIcon;
				CODE_SIGN_STYLE = Manual;
				DEVELOPMENT_TEAM = L3N52HAY5N;
				INFOPLIST_FILE = Demo/Info.plist;
				LD_RUNPATH_SEARCH_PATHS = (
					"$(inherited)",
					"@executable_path/Frameworks",
				);
				PRODUCT_BUNDLE_IDENTIFIER = Landi.Demo;
				PRODUCT_NAME = "$(TARGET_NAME)";
				PROVISIONING_PROFILE_SPECIFIER = common;
				TARGETED_DEVICE_FAMILY = "1,2";
			};
			name = Debug;
		};
		2C30D1CC234195A00084F843 /* Release */ = {
			isa = XCBuildConfiguration;
			baseConfigurationReference = 6276D98E97A8B2E74BDDF768 /* Pods-Demo.release.xcconfig */;
			buildSettings = {
				ASSETCATALOG_COMPILER_APPICON_NAME = AppIcon;
				CODE_SIGN_STYLE = Manual;
				DEVELOPMENT_TEAM = L3N52HAY5N;
				INFOPLIST_FILE = Demo/Info.plist;
				LD_RUNPATH_SEARCH_PATHS = (
					"$(inherited)",
					"@executable_path/Frameworks",
				);
				PRODUCT_BUNDLE_IDENTIFIER = Landi.Demo;
				PRODUCT_NAME = "$(TARGET_NAME)";
				PROVISIONING_PROFILE_SPECIFIER = common;
				TARGETED_DEVICE_FAMILY = "1,2";
			};
			name = Release;
		};
/* End XCBuildConfiguration section */

/* Begin XCConfigurationList section */
		2C30D1AF2341959E0084F843 /* Build configuration list for PBXProject "Demo" */ = {
			isa = XCConfigurationList;
			buildConfigurations = (
				2C30D1C8234195A00084F843 /* Debug */,
				2C30D1C9234195A00084F843 /* Release */,
			);
			defaultConfigurationIsVisible = 0;
			defaultConfigurationName = Release;
		};
		2C30D1CA234195A00084F843 /* Build configuration list for PBXNativeTarget "Demo" */ = {
			isa = XCConfigurationList;
			buildConfigurations = (
				2C30D1CB234195A00084F843 /* Debug */,
				2C30D1CC234195A00084F843 /* Release */,
			);
			defaultConfigurationIsVisible = 0;
			defaultConfigurationName = Release;
		};
/* End XCConfigurationList section */
	};
	rootObject = 2C30D1AC2341959E0084F843 /* Project object */;
}
